
Microsoft Visual Studio Solution File, Format Version 12.00
# Visual Studio Version 17
VisualStudioVersion = 17.12.35527.113
MinimumVisualStudioVersion = 10.0.40219.1
Project("{FAE04EC0-301F-11D3-BF4B-00C04F79EFBC}") = "Movies.Api", "Movies.Api\Movies.Api.csproj", "{EEACE6EE-E86C-4324-8F9E-4F6D3BDB3E08}"
EndProject
Project("{FAE04EC0-301F-11D3-BF4B-00C04F79EFBC}") = "Movies.Application", "Movies.Application\Movies.Application.csproj", "{FB8035AA-F710-4A3B-8567-290B92FE4EEC}"
EndProject
Project("{FAE04EC0-301F-11D3-BF4B-00C04F79EFBC}") = "Movies.Contracts", "Movies.Contracts\Movies.Contracts.csproj", "{91DE5AAB-AFC4-4EB1-99C0-576733404E06}"
EndProject
Project("{FAE04EC0-301F-11D3-BF4B-00C04F79EFBC}") = "Identity.Api", "Helpers\Identity.Api\Identity.Api.csproj", "{8109EF7B-6729-4826-BD3E-CA171798617D}"
EndProject
Global
	GlobalSection(SolutionConfigurationPlatforms) = preSolution
		Debug|Any CPU = Debug|Any CPU
		Release|Any CPU = Release|Any CPU
	EndGlobalSection
	GlobalSection(ProjectConfigurationPlatforms) = postSolution
		{EEACE6EE-E86C-4324-8F9E-4F6D3BDB3E08}.Debug|Any CPU.ActiveCfg = Debug|Any CPU
		{EEACE6EE-E86C-4324-8F9E-4F6D3BDB3E08}.Debug|Any CPU.Build.0 = Debug|Any CPU
		{EEACE6EE-E86C-4324-8F9E-4F6D3BDB3E08}.Release|Any CPU.ActiveCfg = Release|Any CPU
		{EEACE6EE-E86C-4324-8F9E-4F6D3BDB3E08}.Release|Any CPU.Build.0 = Release|Any CPU
		{FB8035AA-F710-4A3B-8567-290B92FE4EEC}.Debug|Any CPU.ActiveCfg = Debug|Any CPU
		{FB8035AA-F710-4A3B-8567-290B92FE4EEC}.Debug|Any CPU.Build.0 = Debug|Any CPU
		{FB8035AA-F710-4A3B-8567-290B92FE4EEC}.Release|Any CPU.ActiveCfg = Release|Any CPU
		{FB8035AA-F710-4A3B-8567-290B92FE4EEC}.Release|Any CPU.Build.0 = Release|Any CPU
		{91DE5AAB-AFC4-4EB1-99C0-576733404E06}.Debug|Any CPU.ActiveCfg = Debug|Any CPU
		{91DE5AAB-AFC4-4EB1-99C0-576733404E06}.Debug|Any CPU.Build.0 = Debug|Any CPU
		{91DE5AAB-AFC4-4EB1-99C0-576733404E06}.Release|Any CPU.ActiveCfg = Release|Any CPU
		{91DE5AAB-AFC4-4EB1-99C0-576733404E06}.Release|Any CPU.Build.0 = Release|Any CPU
		{8109EF7B-6729-4826-BD3E-CA171798617D}.Debug|Any CPU.ActiveCfg = Debug|Any CPU
		{8109EF7B-6729-4826-BD3E-CA171798617D}.Debug|Any CPU.Build.0 = Debug|Any CPU
		{8109EF7B-6729-4826-BD3E-CA171798617D}.Release|Any CPU.ActiveCfg = Release|Any CPU
		{8109EF7B-6729-4826-BD3E-CA171798617D}.Release|Any CPU.Build.0 = Release|Any CPU
	EndGlobalSection
	GlobalSection(SolutionProperties) = preSolution
		HideSolutionNode = FALSE
	EndGlobalSection
EndGlobal
